
Microsoft Visual Studio Solution File, Format Version 12.00
# Visual Studio 15
VisualStudioVersion = 15.0.27130.2036
MinimumVisualStudioVersion = 10.0.40219.1
Project("{2150E333-8FDC-42A3-9474-1A3956D46DE8}") = "docs", "docs", "{03B66A93-339F-4940-B72F-B7D58B2FC3E5}"
	ProjectSection(SolutionItems) = preProject
		README.md = README.md
	EndProjectSection
EndProject
Project("{8BC9CEB8-8B4A-11D0-8D11-00A0C91BC942}") = "server_db", "server_db\server_db.vcxproj", "{948020E2-764E-462B-A8A8-2C48422570A3}"
EndProject
Project("{8BC9CEB8-8B4A-11D0-8D11-00A0C91BC942}") = "server_lobby", "server_lobby\server_lobby.vcxproj", "{0905B54A-B48C-4811-8B7D-F29D0E0939B1}"
EndProject
Project("{8BC9CEB8-8B4A-11D0-8D11-00A0C91BC942}") = "server_login", "server_login\server_login.vcxproj", "{B93032E8-E86B-4A20-88F8-40F4F4B033F5}"
EndProject
Global
	GlobalSection(SolutionConfigurationPlatforms) = preSolution
		Debug|x64 = Debug|x64
		Release|x64 = Release|x64
	EndGlobalSection
	GlobalSection(ProjectConfigurationPlatforms) = postSolution
		{948020E2-764E-462B-A8A8-2C48422570A3}.Debug|x64.ActiveCfg = Debug|x64
		{948020E2-764E-462B-A8A8-2C48422570A3}.Debug|x64.Build.0 = Debug|x64
		{948020E2-764E-462B-A8A8-2C48422570A3}.Release|x64.ActiveCfg = Release|x64
		{948020E2-764E-462B-A8A8-2C48422570A3}.Release|x64.Build.0 = Release|x64
		{0905B54A-B48C-4811-8B7D-F29D0E0939B1}.Debug|x64.ActiveCfg = Debug|x64
		{0905B54A-B48C-4811-8B7D-F29D0E0939B1}.Debug|x64.Build.0 = Debug|x64
		{0905B54A-B48C-4811-8B7D-F29D0E0939B1}.Release|x64.ActiveCfg = Release|x64
		{0905B54A-B48C-4811-8B7D-F29D0E0939B1}.Release|x64.Build.0 = Release|x64
		{B93032E8-E86B-4A20-88F8-40F4F4B033F5}.Debug|x64.ActiveCfg = Debug|x64
		{B93032E8-E86B-4A20-88F8-40F4F4B033F5}.Debug|x64.Build.0 = Debug|x64
		{B93032E8-E86B-4A20-88F8-40F4F4B033F5}.Release|x64.ActiveCfg = Release|x64
		{B93032E8-E86B-4A20-88F8-40F4F4B033F5}.Release|x64.Build.0 = Release|x64
	EndGlobalSection
	GlobalSection(SolutionProperties) = preSolution
		HideSolutionNode = FALSE
	EndGlobalSection
	GlobalSection(ExtensibilityGlobals) = postSolution
		SolutionGuid = {D92CB54B-ED4C-4D8E-9643-32D47BB48EDA}
	EndGlobalSection
EndGlobal
