
Microsoft Visual Studio Solution File, Format Version 12.00
# Visual Studio Version 16
VisualStudioVersion = 16.0.28917.181
MinimumVisualStudioVersion = 10.0.40219.1
Project("{2150E333-8FDC-42A3-9474-1A3956D46DE8}") = "docs", "docs", "{03B66A93-339F-4940-B72F-B7D58B2FC3E5}"
	ProjectSection(SolutionItems) = preProject
		README.md = README.md
	EndProjectSection
EndProject
Project("{8BC9CEB8-8B4A-11D0-8D11-00A0C91BC942}") = "server_db", "server_db\server_db.vcxproj", "{948020E2-764E-462B-A8A8-2C48422570A3}"
EndProject
Project("{8BC9CEB8-8B4A-11D0-8D11-00A0C91BC942}") = "server_lobby", "server_lobby\server_lobby.vcxproj", "{0905B54A-B48C-4811-8B7D-F29D0E0939B1}"
EndProject
Project("{8BC9CEB8-8B4A-11D0-8D11-00A0C91BC942}") = "server_login", "server_login\server_login.vcxproj", "{B93032E8-E86B-4A20-88F8-40F4F4B033F5}"
EndProject
Project("{8BC9CEB8-8B4A-11D0-8D11-00A0C91BC942}") = "test_uv_resolver", "test_uv_resolver\test_uv_resolver.vcxproj", "{721B0365-9D46-45E9-BF19-1B80B88DE742}"
EndProject
Project("{8BC9CEB8-8B4A-11D0-8D11-00A0C91BC942}") = "client_test1", "client_test1\client_test1.vcxproj", "{5C4F10A4-4584-4129-BBBF-B377A03E3BF6}"
EndProject
Project("{8BC9CEB8-8B4A-11D0-8D11-00A0C91BC942}") = "test_uv_1", "test_uv_1\test_uv_1.vcxproj", "{85039DD4-098C-4B31-924A-0F4D884DF2F3}"
EndProject
Project("{8BC9CEB8-8B4A-11D0-8D11-00A0C91BC942}") = "test_uv_2", "test_uv_2\test_uv_2.vcxproj", "{85039DD4-098C-4B31-924A-0F4D884DF2F4}"
EndProject
Project("{8BC9CEB8-8B4A-11D0-8D11-00A0C91BC942}") = "test_uv_3", "test_uv_3\test_uv_3.vcxproj", "{85039DD4-098C-4B31-924A-0F4D884DF2F5}"
EndProject
Project("{8BC9CEB8-8B4A-11D0-8D11-00A0C91BC942}") = "test_uv_4", "test_uv_4\test_uv_4.vcxproj", "{85039DD4-098C-4B31-924A-0F4D884DF2F7}"
EndProject
Project("{8BC9CEB8-8B4A-11D0-8D11-00A0C91BC942}") = "test_uv_5", "test_uv_5\test_uv_5.vcxproj", "{85039DD4-098C-4B31-924A-0F4D884DF2F8}"
EndProject
Project("{8BC9CEB8-8B4A-11D0-8D11-00A0C91BC942}") = "test_uv_6", "test_uv_6\test_uv_6.vcxproj", "{85039DD4-098C-4B31-924A-0F4D884DF2FA}"
EndProject
Project("{8BC9CEB8-8B4A-11D0-8D11-00A0C91BC942}") = "test_uv_7", "test_uv_7\test_uv_7.vcxproj", "{85039DD4-098C-4B31-924A-0F4D884DF2FB}"
EndProject
Project("{8BC9CEB8-8B4A-11D0-8D11-00A0C91BC942}") = "test_uv_8", "test_uv_8\test_uv_8.vcxproj", "{85039DD4-098C-4B31-924A-0F4D884DF2FC}"
EndProject
Project("{8BC9CEB8-8B4A-11D0-8D11-00A0C91BC942}") = "test_uv_9", "test_uv_9\test_uv_9.vcxproj", "{85039DD4-098C-4B31-924A-0F4D884DF2FD}"
EndProject
Project("{8BC9CEB8-8B4A-11D0-8D11-00A0C91BC942}") = "test_uv_a", "test_uv_a\test_uv_a.vcxproj", "{85039DD4-098C-4B31-924A-0F4D884DF3FD}"
EndProject
Project("{8BC9CEB8-8B4A-11D0-8D11-00A0C91BC942}") = "test_uv_b", "test_uv_b\test_uv_b.vcxproj", "{85039DD4-098C-4B31-924A-0F4D884DF4FD}"
EndProject
Project("{8BC9CEB8-8B4A-11D0-8D11-00A0C91BC942}") = "test_uv_c", "test_uv_c\test_uv_c.vcxproj", "{85039DD4-098C-4B31-924A-1F4D884DF4FD}"
EndProject
Project("{8BC9CEB8-8B4A-11D0-8D11-00A0C91BC942}") = "test_uv_d", "test_uv_d\test_uv_d.vcxproj", "{85039DD4-098C-4B31-924A-2F4D884DF4FD}"
EndProject
Project("{8BC9CEB8-8B4A-11D0-8D11-00A0C91BC942}") = "test_linux_1", "test_linux_1\test_linux_1.vcxproj", "{61FEA9AF-B44D-46C6-A412-8A62861C9556}"
EndProject
Project("{8BC9CEB8-8B4A-11D0-8D11-00A0C91BC942}") = "xxlib", "xxlib\xxlib.vcxitems", "{4B57E4BC-5558-4DE6-B4DA-4490F8C1E34A}"
EndProject
Project("{8BC9CEB8-8B4A-11D0-8D11-00A0C91BC942}") = "test_linux_2", "test_linux_2\test_linux_2.vcxproj", "{57A17FEF-75C8-4CB3-AA2F-DD10D61F7C2C}"
EndProject
Project("{8BC9CEB8-8B4A-11D0-8D11-00A0C91BC942}") = "test_linux_3", "test_linux_3\test_linux_3.vcxproj", "{5D81C669-E3EC-4268-BC08-89B29CA61841}"
EndProject
Project("{8BC9CEB8-8B4A-11D0-8D11-00A0C91BC942}") = "test_linux_4", "test_linux_4\test_linux_4.vcxproj", "{EA079C3F-7EEA-4B6A-A34C-45E414F1D66A}"
EndProject
Project("{8BC9CEB8-8B4A-11D0-8D11-00A0C91BC942}") = "test_linux_5", "test_linux_5\test_linux_5.vcxproj", "{32FF9AA0-CB0E-4BBE-9A3D-5EF56FA4E852}"
EndProject
Project("{8BC9CEB8-8B4A-11D0-8D11-00A0C91BC942}") = "test_linux_6", "test_linux_6\test_linux_6.vcxproj", "{21F0D101-418B-40DA-B2B9-D4E60DDC36D2}"
EndProject
Project("{8BC9CEB8-8B4A-11D0-8D11-00A0C91BC942}") = "test_linux_7", "test_linux_7\test_linux_7.vcxproj", "{026B03AB-2A30-450D-A3EA-6365BD45FB72}"
EndProject
Project("{8BC9CEB8-8B4A-11D0-8D11-00A0C91BC942}") = "test_linux_8", "test_linux_8\test_linux_8.vcxproj", "{21C7B7EE-D95A-4098-8A3F-48BF9F8F67E5}"
EndProject
Project("{8BC9CEB8-8B4A-11D0-8D11-00A0C91BC942}") = "test_linux_9", "test_linux_9\test_linux_9.vcxproj", "{E0C094DD-A684-4590-8E8A-66CDD07905FE}"
EndProject
Project("{8BC9CEB8-8B4A-11D0-8D11-00A0C91BC942}") = "test_linux_10", "test_linux_10\test_linux_10.vcxproj", "{D84F2F83-D2B4-4423-A226-BF1687737DC6}"
EndProject
Project("{8BC9CEB8-8B4A-11D0-8D11-00A0C91BC942}") = "test_linux_11", "test_linux_11\test_linux_11.vcxproj", "{BF4E6448-4667-43B6-A5A6-D24D628CD813}"
EndProject
Global
	GlobalSection(SharedMSBuildProjectFiles) = preSolution
		xxlib\xxlib.vcxitems*{026b03ab-2a30-450d-a3ea-6365bd45fb72}*SharedItemsImports = 4
		xxlib\xxlib.vcxitems*{21c7b7ee-d95a-4098-8a3f-48bf9f8f67e5}*SharedItemsImports = 4
		xxlib\xxlib.vcxitems*{21f0d101-418b-40da-b2b9-d4e60ddc36d2}*SharedItemsImports = 4
		xxlib\xxlib.vcxitems*{32ff9aa0-cb0e-4bbe-9a3d-5ef56fa4e852}*SharedItemsImports = 4
		xxlib\xxlib.vcxitems*{4b57e4bc-5558-4de6-b4da-4490f8c1e34a}*SharedItemsImports = 9
		xxlib\xxlib.vcxitems*{57a17fef-75c8-4cb3-aa2f-dd10d61f7c2c}*SharedItemsImports = 4
		xxlib\xxlib.vcxitems*{5d81c669-e3ec-4268-bc08-89b29ca61841}*SharedItemsImports = 4
		xxlib\xxlib.vcxitems*{61fea9af-b44d-46c6-a412-8a62861c9556}*SharedItemsImports = 4
		xxlib\xxlib.vcxitems*{bf4e6448-4667-43b6-a5a6-d24d628cd813}*SharedItemsImports = 4
		xxlib\xxlib.vcxitems*{d84f2f83-d2b4-4423-a226-bf1687737dc6}*SharedItemsImports = 4
		xxlib\xxlib.vcxitems*{e0c094dd-a684-4590-8e8a-66cdd07905fe}*SharedItemsImports = 4
		xxlib\xxlib.vcxitems*{ea079c3f-7eea-4b6a-a34c-45e414f1d66a}*SharedItemsImports = 4
	EndGlobalSection
	GlobalSection(SolutionConfigurationPlatforms) = preSolution
		Debug|x64 = Debug|x64
		Release|x64 = Release|x64
	EndGlobalSection
	GlobalSection(ProjectConfigurationPlatforms) = postSolution
		{948020E2-764E-462B-A8A8-2C48422570A3}.Debug|x64.ActiveCfg = Debug|x64
		{948020E2-764E-462B-A8A8-2C48422570A3}.Debug|x64.Build.0 = Debug|x64
		{948020E2-764E-462B-A8A8-2C48422570A3}.Release|x64.ActiveCfg = Release|x64
		{948020E2-764E-462B-A8A8-2C48422570A3}.Release|x64.Build.0 = Release|x64
		{0905B54A-B48C-4811-8B7D-F29D0E0939B1}.Debug|x64.ActiveCfg = Debug|x64
		{0905B54A-B48C-4811-8B7D-F29D0E0939B1}.Debug|x64.Build.0 = Debug|x64
		{0905B54A-B48C-4811-8B7D-F29D0E0939B1}.Release|x64.ActiveCfg = Release|x64
		{0905B54A-B48C-4811-8B7D-F29D0E0939B1}.Release|x64.Build.0 = Release|x64
		{B93032E8-E86B-4A20-88F8-40F4F4B033F5}.Debug|x64.ActiveCfg = Debug|x64
		{B93032E8-E86B-4A20-88F8-40F4F4B033F5}.Debug|x64.Build.0 = Debug|x64
		{B93032E8-E86B-4A20-88F8-40F4F4B033F5}.Release|x64.ActiveCfg = Release|x64
		{B93032E8-E86B-4A20-88F8-40F4F4B033F5}.Release|x64.Build.0 = Release|x64
		{721B0365-9D46-45E9-BF19-1B80B88DE742}.Debug|x64.ActiveCfg = Debug|x64
		{721B0365-9D46-45E9-BF19-1B80B88DE742}.Debug|x64.Build.0 = Debug|x64
		{721B0365-9D46-45E9-BF19-1B80B88DE742}.Release|x64.ActiveCfg = Release|x64
		{721B0365-9D46-45E9-BF19-1B80B88DE742}.Release|x64.Build.0 = Release|x64
		{5C4F10A4-4584-4129-BBBF-B377A03E3BF6}.Debug|x64.ActiveCfg = Debug|x64
		{5C4F10A4-4584-4129-BBBF-B377A03E3BF6}.Debug|x64.Build.0 = Debug|x64
		{5C4F10A4-4584-4129-BBBF-B377A03E3BF6}.Release|x64.ActiveCfg = Release|x64
		{5C4F10A4-4584-4129-BBBF-B377A03E3BF6}.Release|x64.Build.0 = Release|x64
		{85039DD4-098C-4B31-924A-0F4D884DF2F3}.Debug|x64.ActiveCfg = Debug|x64
		{85039DD4-098C-4B31-924A-0F4D884DF2F3}.Debug|x64.Build.0 = Debug|x64
		{85039DD4-098C-4B31-924A-0F4D884DF2F3}.Release|x64.ActiveCfg = Release|x64
		{85039DD4-098C-4B31-924A-0F4D884DF2F3}.Release|x64.Build.0 = Release|x64
		{85039DD4-098C-4B31-924A-0F4D884DF2F4}.Debug|x64.ActiveCfg = Debug|x64
		{85039DD4-098C-4B31-924A-0F4D884DF2F4}.Debug|x64.Build.0 = Debug|x64
		{85039DD4-098C-4B31-924A-0F4D884DF2F4}.Release|x64.ActiveCfg = Release|x64
		{85039DD4-098C-4B31-924A-0F4D884DF2F4}.Release|x64.Build.0 = Release|x64
		{85039DD4-098C-4B31-924A-0F4D884DF2F5}.Debug|x64.ActiveCfg = Debug|x64
		{85039DD4-098C-4B31-924A-0F4D884DF2F5}.Debug|x64.Build.0 = Debug|x64
		{85039DD4-098C-4B31-924A-0F4D884DF2F5}.Release|x64.ActiveCfg = Release|x64
		{85039DD4-098C-4B31-924A-0F4D884DF2F5}.Release|x64.Build.0 = Release|x64
		{85039DD4-098C-4B31-924A-0F4D884DF2F7}.Debug|x64.ActiveCfg = Debug|x64
		{85039DD4-098C-4B31-924A-0F4D884DF2F7}.Debug|x64.Build.0 = Debug|x64
		{85039DD4-098C-4B31-924A-0F4D884DF2F7}.Release|x64.ActiveCfg = Release|x64
		{85039DD4-098C-4B31-924A-0F4D884DF2F7}.Release|x64.Build.0 = Release|x64
		{85039DD4-098C-4B31-924A-0F4D884DF2F8}.Debug|x64.ActiveCfg = Debug|x64
		{85039DD4-098C-4B31-924A-0F4D884DF2F8}.Debug|x64.Build.0 = Debug|x64
		{85039DD4-098C-4B31-924A-0F4D884DF2F8}.Release|x64.ActiveCfg = Release|x64
		{85039DD4-098C-4B31-924A-0F4D884DF2F8}.Release|x64.Build.0 = Release|x64
		{85039DD4-098C-4B31-924A-0F4D884DF2FA}.Debug|x64.ActiveCfg = Debug|x64
		{85039DD4-098C-4B31-924A-0F4D884DF2FA}.Debug|x64.Build.0 = Debug|x64
		{85039DD4-098C-4B31-924A-0F4D884DF2FA}.Release|x64.ActiveCfg = Release|x64
		{85039DD4-098C-4B31-924A-0F4D884DF2FA}.Release|x64.Build.0 = Release|x64
		{85039DD4-098C-4B31-924A-0F4D884DF2FB}.Debug|x64.ActiveCfg = Debug|x64
		{85039DD4-098C-4B31-924A-0F4D884DF2FB}.Debug|x64.Build.0 = Debug|x64
		{85039DD4-098C-4B31-924A-0F4D884DF2FB}.Release|x64.ActiveCfg = Release|x64
		{85039DD4-098C-4B31-924A-0F4D884DF2FB}.Release|x64.Build.0 = Release|x64
		{85039DD4-098C-4B31-924A-0F4D884DF2FC}.Debug|x64.ActiveCfg = Debug|x64
		{85039DD4-098C-4B31-924A-0F4D884DF2FC}.Debug|x64.Build.0 = Debug|x64
		{85039DD4-098C-4B31-924A-0F4D884DF2FC}.Release|x64.ActiveCfg = Release|x64
		{85039DD4-098C-4B31-924A-0F4D884DF2FC}.Release|x64.Build.0 = Release|x64
		{85039DD4-098C-4B31-924A-0F4D884DF2FD}.Debug|x64.ActiveCfg = Debug|x64
		{85039DD4-098C-4B31-924A-0F4D884DF2FD}.Debug|x64.Build.0 = Debug|x64
		{85039DD4-098C-4B31-924A-0F4D884DF2FD}.Release|x64.ActiveCfg = Release|x64
		{85039DD4-098C-4B31-924A-0F4D884DF2FD}.Release|x64.Build.0 = Release|x64
		{85039DD4-098C-4B31-924A-0F4D884DF3FD}.Debug|x64.ActiveCfg = Debug|x64
		{85039DD4-098C-4B31-924A-0F4D884DF3FD}.Debug|x64.Build.0 = Debug|x64
		{85039DD4-098C-4B31-924A-0F4D884DF3FD}.Release|x64.ActiveCfg = Release|x64
		{85039DD4-098C-4B31-924A-0F4D884DF3FD}.Release|x64.Build.0 = Release|x64
		{85039DD4-098C-4B31-924A-0F4D884DF4FD}.Debug|x64.ActiveCfg = Debug|x64
		{85039DD4-098C-4B31-924A-0F4D884DF4FD}.Debug|x64.Build.0 = Debug|x64
		{85039DD4-098C-4B31-924A-0F4D884DF4FD}.Release|x64.ActiveCfg = Release|x64
		{85039DD4-098C-4B31-924A-0F4D884DF4FD}.Release|x64.Build.0 = Release|x64
		{85039DD4-098C-4B31-924A-1F4D884DF4FD}.Debug|x64.ActiveCfg = Debug|x64
		{85039DD4-098C-4B31-924A-1F4D884DF4FD}.Debug|x64.Build.0 = Debug|x64
		{85039DD4-098C-4B31-924A-1F4D884DF4FD}.Release|x64.ActiveCfg = Release|x64
		{85039DD4-098C-4B31-924A-1F4D884DF4FD}.Release|x64.Build.0 = Release|x64
		{85039DD4-098C-4B31-924A-2F4D884DF4FD}.Debug|x64.ActiveCfg = Debug|x64
		{85039DD4-098C-4B31-924A-2F4D884DF4FD}.Debug|x64.Build.0 = Debug|x64
		{85039DD4-098C-4B31-924A-2F4D884DF4FD}.Release|x64.ActiveCfg = Release|x64
		{85039DD4-098C-4B31-924A-2F4D884DF4FD}.Release|x64.Build.0 = Release|x64
		{61FEA9AF-B44D-46C6-A412-8A62861C9556}.Debug|x64.ActiveCfg = Debug|x64
		{61FEA9AF-B44D-46C6-A412-8A62861C9556}.Debug|x64.Build.0 = Debug|x64
		{61FEA9AF-B44D-46C6-A412-8A62861C9556}.Release|x64.ActiveCfg = Release|x64
		{61FEA9AF-B44D-46C6-A412-8A62861C9556}.Release|x64.Build.0 = Release|x64
		{57A17FEF-75C8-4CB3-AA2F-DD10D61F7C2C}.Debug|x64.ActiveCfg = Debug|x64
		{57A17FEF-75C8-4CB3-AA2F-DD10D61F7C2C}.Debug|x64.Build.0 = Debug|x64
		{57A17FEF-75C8-4CB3-AA2F-DD10D61F7C2C}.Debug|x64.Deploy.0 = Debug|x64
		{57A17FEF-75C8-4CB3-AA2F-DD10D61F7C2C}.Release|x64.ActiveCfg = Release|x64
		{57A17FEF-75C8-4CB3-AA2F-DD10D61F7C2C}.Release|x64.Build.0 = Release|x64
		{57A17FEF-75C8-4CB3-AA2F-DD10D61F7C2C}.Release|x64.Deploy.0 = Release|x64
		{5D81C669-E3EC-4268-BC08-89B29CA61841}.Debug|x64.ActiveCfg = Debug|x64
		{5D81C669-E3EC-4268-BC08-89B29CA61841}.Debug|x64.Build.0 = Debug|x64
		{5D81C669-E3EC-4268-BC08-89B29CA61841}.Debug|x64.Deploy.0 = Debug|x64
		{5D81C669-E3EC-4268-BC08-89B29CA61841}.Release|x64.ActiveCfg = Release|x64
		{5D81C669-E3EC-4268-BC08-89B29CA61841}.Release|x64.Build.0 = Release|x64
		{5D81C669-E3EC-4268-BC08-89B29CA61841}.Release|x64.Deploy.0 = Release|x64
		{EA079C3F-7EEA-4B6A-A34C-45E414F1D66A}.Debug|x64.ActiveCfg = Debug|x64
		{EA079C3F-7EEA-4B6A-A34C-45E414F1D66A}.Debug|x64.Build.0 = Debug|x64
		{EA079C3F-7EEA-4B6A-A34C-45E414F1D66A}.Debug|x64.Deploy.0 = Debug|x64
		{EA079C3F-7EEA-4B6A-A34C-45E414F1D66A}.Release|x64.ActiveCfg = Release|x64
		{EA079C3F-7EEA-4B6A-A34C-45E414F1D66A}.Release|x64.Build.0 = Release|x64
		{EA079C3F-7EEA-4B6A-A34C-45E414F1D66A}.Release|x64.Deploy.0 = Release|x64
		{32FF9AA0-CB0E-4BBE-9A3D-5EF56FA4E852}.Debug|x64.ActiveCfg = Debug|x64
		{32FF9AA0-CB0E-4BBE-9A3D-5EF56FA4E852}.Debug|x64.Build.0 = Debug|x64
		{32FF9AA0-CB0E-4BBE-9A3D-5EF56FA4E852}.Debug|x64.Deploy.0 = Debug|x64
		{32FF9AA0-CB0E-4BBE-9A3D-5EF56FA4E852}.Release|x64.ActiveCfg = Release|x64
		{32FF9AA0-CB0E-4BBE-9A3D-5EF56FA4E852}.Release|x64.Build.0 = Release|x64
		{32FF9AA0-CB0E-4BBE-9A3D-5EF56FA4E852}.Release|x64.Deploy.0 = Release|x64
		{21F0D101-418B-40DA-B2B9-D4E60DDC36D2}.Debug|x64.ActiveCfg = Debug|x64
		{21F0D101-418B-40DA-B2B9-D4E60DDC36D2}.Debug|x64.Build.0 = Debug|x64
		{21F0D101-418B-40DA-B2B9-D4E60DDC36D2}.Debug|x64.Deploy.0 = Debug|x64
		{21F0D101-418B-40DA-B2B9-D4E60DDC36D2}.Release|x64.ActiveCfg = Release|x64
		{21F0D101-418B-40DA-B2B9-D4E60DDC36D2}.Release|x64.Build.0 = Release|x64
		{21F0D101-418B-40DA-B2B9-D4E60DDC36D2}.Release|x64.Deploy.0 = Release|x64
		{026B03AB-2A30-450D-A3EA-6365BD45FB72}.Debug|x64.ActiveCfg = Debug|x64
		{026B03AB-2A30-450D-A3EA-6365BD45FB72}.Debug|x64.Build.0 = Debug|x64
		{026B03AB-2A30-450D-A3EA-6365BD45FB72}.Debug|x64.Deploy.0 = Debug|x64
		{026B03AB-2A30-450D-A3EA-6365BD45FB72}.Release|x64.ActiveCfg = Release|x64
		{026B03AB-2A30-450D-A3EA-6365BD45FB72}.Release|x64.Build.0 = Release|x64
		{026B03AB-2A30-450D-A3EA-6365BD45FB72}.Release|x64.Deploy.0 = Release|x64
		{21C7B7EE-D95A-4098-8A3F-48BF9F8F67E5}.Debug|x64.ActiveCfg = Debug|x64
		{21C7B7EE-D95A-4098-8A3F-48BF9F8F67E5}.Debug|x64.Build.0 = Debug|x64
		{21C7B7EE-D95A-4098-8A3F-48BF9F8F67E5}.Debug|x64.Deploy.0 = Debug|x64
		{21C7B7EE-D95A-4098-8A3F-48BF9F8F67E5}.Release|x64.ActiveCfg = Release|x64
		{21C7B7EE-D95A-4098-8A3F-48BF9F8F67E5}.Release|x64.Build.0 = Release|x64
		{21C7B7EE-D95A-4098-8A3F-48BF9F8F67E5}.Release|x64.Deploy.0 = Release|x64
		{E0C094DD-A684-4590-8E8A-66CDD07905FE}.Debug|x64.ActiveCfg = Debug|x64
		{E0C094DD-A684-4590-8E8A-66CDD07905FE}.Debug|x64.Build.0 = Debug|x64
		{E0C094DD-A684-4590-8E8A-66CDD07905FE}.Debug|x64.Deploy.0 = Debug|x64
		{E0C094DD-A684-4590-8E8A-66CDD07905FE}.Release|x64.ActiveCfg = Release|x64
		{E0C094DD-A684-4590-8E8A-66CDD07905FE}.Release|x64.Build.0 = Release|x64
		{E0C094DD-A684-4590-8E8A-66CDD07905FE}.Release|x64.Deploy.0 = Release|x64
		{D84F2F83-D2B4-4423-A226-BF1687737DC6}.Debug|x64.ActiveCfg = Debug|x64
		{D84F2F83-D2B4-4423-A226-BF1687737DC6}.Debug|x64.Build.0 = Debug|x64
		{D84F2F83-D2B4-4423-A226-BF1687737DC6}.Debug|x64.Deploy.0 = Debug|x64
		{D84F2F83-D2B4-4423-A226-BF1687737DC6}.Release|x64.ActiveCfg = Release|x64
		{D84F2F83-D2B4-4423-A226-BF1687737DC6}.Release|x64.Build.0 = Release|x64
		{D84F2F83-D2B4-4423-A226-BF1687737DC6}.Release|x64.Deploy.0 = Release|x64
		{BF4E6448-4667-43B6-A5A6-D24D628CD813}.Debug|x64.ActiveCfg = Debug|x64
		{BF4E6448-4667-43B6-A5A6-D24D628CD813}.Debug|x64.Build.0 = Debug|x64
		{BF4E6448-4667-43B6-A5A6-D24D628CD813}.Debug|x64.Deploy.0 = Debug|x64
		{BF4E6448-4667-43B6-A5A6-D24D628CD813}.Release|x64.ActiveCfg = Release|x64
		{BF4E6448-4667-43B6-A5A6-D24D628CD813}.Release|x64.Build.0 = Release|x64
		{BF4E6448-4667-43B6-A5A6-D24D628CD813}.Release|x64.Deploy.0 = Release|x64
	EndGlobalSection
	GlobalSection(SolutionProperties) = preSolution
		HideSolutionNode = FALSE
	EndGlobalSection
	GlobalSection(ExtensibilityGlobals) = postSolution
		SolutionGuid = {D92CB54B-ED4C-4D8E-9643-32D47BB48EDA}
	EndGlobalSection
EndGlobal
