<?xml version="1.0" encoding="utf-8"?>
<Project ToolsVersion="4.0" xmlns="http://schemas.microsoft.com/developer/msbuild/2003">
  <ItemGroup>
    <ClCompile Include="main.cpp" />
    <ClCompile Include="..\xxlib\ikcp.c">
      <Filter>xxlib</Filter>
    </ClCompile>
  </ItemGroup>
  <ItemGroup>
    <Filter Include="xxlib">
      <UniqueIdentifier>{ea8aea07-5a1a-45d3-8ee7-120a7cdb6a33}</UniqueIdentifier>
    </Filter>
  </ItemGroup>
  <ItemGroup>
    <ClInclude Include="..\xxlib\xx_bbuffer.h">
      <Filter>xxlib</Filter>
    </ClInclude>
    <ClInclude Include="..\xxlib\xx_coros.h">
      <Filter>xxlib</Filter>
    </ClInclude>
    <ClInclude Include="..\xxlib\xx_dict.h">
      <Filter>xxlib</Filter>
    </ClInclude>
    <ClInclude Include="..\xxlib\xx_list.h">
      <Filter>xxlib</Filter>
    </ClInclude>
    <ClInclude Include="..\xxlib\xx_object.h">
      <Filter>xxlib</Filter>
    </ClInclude>
    <ClInclude Include="..\xxlib\xx_pos.h">
      <Filter>xxlib</Filter>
    </ClInclude>
    <ClInclude Include="..\xxlib\xx_random.h">
      <Filter>xxlib</Filter>
    </ClInclude>
    <ClInclude Include="..\xxlib\xx_uv.h">
      <Filter>xxlib</Filter>
    </ClInclude>
    <ClInclude Include="..\xxlib\xx_uv_coros.h">
      <Filter>xxlib</Filter>
    </ClInclude>
    <ClInclude Include="..\xxlib\xx_uv_lua.h">
      <Filter>xxlib</Filter>
    </ClInclude>
    <ClInclude Include="..\xxlib\fixed_function.hpp">
      <Filter>xxlib</Filter>
    </ClInclude>
    <ClInclude Include="..\xxlib\ikcp.h">
      <Filter>xxlib</Filter>
    </ClInclude>
    <ClInclude Include="CatchFish.h" />
    <ClInclude Include="CatchFish.hpp" />
    <ClInclude Include="Peer.hpp" />
    <ClInclude Include="Listener.hpp" />
    <ClInclude Include="..\gens\output\PKG_class.h" />
    <ClInclude Include="..\xxlib\xx_random.hpp">
      <Filter>xxlib</Filter>
    </ClInclude>
    <ClInclude Include="Listener.h" />
    <ClInclude Include="Peer.h" />
    <ClInclude Include="PKG_CatchFish_Item.h" />
    <ClInclude Include="PKG_CatchFish_WayFish.h" />
    <ClInclude Include="PKG_CatchFish_Fish.hpp" />
    <ClInclude Include="PKG_CatchFish_WayFish.hpp" />
    <ClInclude Include="PKG_CatchFish_Fish.h" />
    <ClInclude Include="PKG_CatchFish_Bullet.hpp" />
    <ClInclude Include="PKG_CatchFish_Stages_StageElement.h" />
    <ClInclude Include="PKG_CatchFish_Scene.h" />
    <ClInclude Include="PKG_CatchFish_Stages_Emitter_RandomFishs.h" />
    <ClInclude Include="PKG_CatchFish_Stages_Monitor_KeepBigFish.h" />
    <ClInclude Include="PKG_CatchFish_Stages_Emitter_RingFishs.h" />
    <ClInclude Include="PKG_CatchFish_Configs_Config.h" />
    <ClInclude Include="PKG_CatchFish_Player.h" />
    <ClInclude Include="PKG_CatchFish_Configs_SpriteFrame.h" />
    <ClInclude Include="PKG_CatchFish_Configs_SpriteFrame.hpp" />
    <ClInclude Include="PKG_CatchFish_Configs_Physics.h" />
    <ClInclude Include="PKG_CatchFish_Configs_Physics.hpp" />
    <ClInclude Include="PKG_CatchFish_Cannon.h" />
    <ClInclude Include="PKG_CatchFish_Cannon.hpp" />
    <ClInclude Include="PKG_CatchFish_Configs_Config.hpp" />
    <ClInclude Include="PKG_CatchFish_Scene.hpp" />
    <ClInclude Include="PKG_CatchFish_Player.hpp" />
    <ClInclude Include="PKG_CatchFish_Stages_Emitter_RandomFishs.hpp" />
    <ClInclude Include="PKG_CatchFish_Stages_Monitor_KeepBigFish.hpp" />
    <ClInclude Include="PKG_CatchFish_Stages_Emitter_RingFishs.hpp" />
    <ClInclude Include="PKG_CatchFish_Bullet.h" />
    <ClInclude Include="PKG_CatchFish_Stages_Emitter_CircleFishs.h" />
    <ClInclude Include="PKG_CatchFish_Stages_Emitter_CircleFishs.hpp" />
    <ClInclude Include="PKG_CatchFish_BigFish.hpp" />
    <ClInclude Include="PKG_CatchFish_RoundFish.h" />
    <ClInclude Include="PKG_CatchFish_RoundFish.hpp" />
    <ClInclude Include="PKG_CatchFish_BigFish.h" />
    <ClInclude Include="PKG_CatchFish_Stages_Monitor_KeepFatFish.h" />
    <ClInclude Include="PKG_CatchFish_Stages_Monitor_KeepFatFish.hpp" />
    <ClInclude Include="..\gens\output\PKG_class.hpp" />
    <ClInclude Include="PKG_CatchFish_Scene_MakeFishs.hpp" />
    <ClInclude Include="PKG_CatchFish_BombFish.h" />
    <ClInclude Include="PKG_CatchFish_BombFish.hpp" />
    <ClInclude Include="PKG_CatchFish_ColorFish.h" />
    <ClInclude Include="PKG_CatchFish_ColorFish.hpp" />
    <ClInclude Include="PKG_CatchFish_DrillBullet.h" />
    <ClInclude Include="PKG_CatchFish_DrillBullet.hpp" />
    <ClInclude Include="PKG_CatchFish_DrillCannon.h" />
    <ClInclude Include="PKG_CatchFish_DrillCannon.hpp" />
    <ClInclude Include="PKG_CatchFish_DrillFish.h" />
    <ClInclude Include="PKG_CatchFish_DrillFish.hpp" />
    <ClInclude Include="PKG_CatchFish_FuryBullet.h" />
    <ClInclude Include="PKG_CatchFish_FuryBullet.hpp" />
    <ClInclude Include="PKG_CatchFish_FuryCannon.h" />
    <ClInclude Include="PKG_CatchFish_FuryCannon.hpp" />
    <ClInclude Include="PKG_CatchFish_FuryFish.h" />
    <ClInclude Include="PKG_CatchFish_FuryFish.hpp" />
    <ClInclude Include="PKG_CatchFish_Stages_Monitor_KeepBombFish.h" />
    <ClInclude Include="PKG_CatchFish_Stages_Monitor_KeepBombFish.hpp" />
    <ClInclude Include="PKG_CatchFish_BombWeapon.h" />
    <ClInclude Include="PKG_CatchFish_BombWeapon.hpp" />
    <ClInclude Include="PKG_CatchFish_DrillWeapon.h" />
    <ClInclude Include="PKG_CatchFish_DrillWeapon.hpp" />
    <ClInclude Include="PKG_CatchFish_FuryWeapon.h" />
    <ClInclude Include="PKG_CatchFish_FuryWeapon.hpp" />
    <ClInclude Include="PKG_CatchFish_LightFish.h" />
    <ClInclude Include="PKG_CatchFish_LightFish.hpp" />
    <ClInclude Include="PKG_CatchFish_LightWeapon.h" />
    <ClInclude Include="PKG_CatchFish_LightWeapon.hpp" />
    <ClInclude Include="PKG_CatchFish_Weapon.h" />
    <ClInclude Include="PKG_CatchFish_Weapon.hpp" />
  </ItemGroup>
  <ItemGroup>
    <Natvis Include="..\xxlib\lua.natvis">
      <Filter>xxlib</Filter>
    </Natvis>
    <Natvis Include="..\xxlib\xx.natvis">
      <Filter>xxlib</Filter>
    </Natvis>
  </ItemGroup>
</Project>