<?xml version="1.0" encoding="utf-8"?>
<Project ToolsVersion="4.0" xmlns="http://schemas.microsoft.com/developer/msbuild/2003">
  <ItemGroup>
    <ClCompile Include="main.cpp" />
    <ClCompile Include="ikcp.c" />
    <ClCompile Include="main2.c" />
    <ClCompile Include="main2.cpp" />
    <ClCompile Include="main3.cpp" />
    <ClCompile Include="..\sqlite3\sqlite3.c" />
  </ItemGroup>
  <ItemGroup>
    <ClInclude Include="xx_list.h" />
    <ClInclude Include="xx_object.h" />
    <ClInclude Include="xx_pos.h" />
    <ClInclude Include="xx_random.h" />
    <ClInclude Include="xx_random.hpp" />
    <ClInclude Include="xx_uv.h" />
    <ClInclude Include="fixed_function.hpp" />
    <ClInclude Include="ikcp.h" />
    <ClInclude Include="xx_bbuffer.h" />
    <ClInclude Include="xx_dict.h" />
    <ClInclude Include="xx_uv_lua.h" />
    <ClInclude Include="xx_file.h" />
    <ClInclude Include="xx_logger.h" />
    <ClInclude Include="xx_sqlite.h" />
  </ItemGroup>
  <ItemGroup>
    <Natvis Include="xx.natvis" />
  </ItemGroup>
  <ItemGroup>
    <Text Include="CMakeLists.txt" />
  </ItemGroup>
</Project>