<?xml version="1.0" encoding="utf-8"?>
<Project ToolsVersion="4.0" xmlns="http://schemas.microsoft.com/developer/msbuild/2003">
  <ItemGroup>
    <ClCompile Include="main.cpp" />
    <ClCompile Include="main2.c" />
    <ClCompile Include="main2.cpp" />
    <ClCompile Include="main3.cpp" />
    <ClCompile Include="..\sqlite3\sqlite3.c" />
    <ClCompile Include="main4.cpp" />
  </ItemGroup>
  <ItemGroup>
    <Text Include="CMakeLists.txt" />
  </ItemGroup>
</Project>